
Microsoft Visual Studio Solution File, Format Version 12.00
# Visual Studio Version 17
VisualStudioVersion = 17.11.35222.181
MinimumVisualStudioVersion = 10.0.40219.1
Project("{FAE04EC0-301F-11D3-BF4B-00C04F79EFBC}") = "Gestion_Inventario", "Gestion_Inventario.csproj", "{865F0335-F315-44FE-9CBA-F133CE0DAB8D}"
EndProject
Global
	GlobalSection(SolutionConfigurationPlatforms) = preSolution
		Debug|Any CPU = Debug|Any CPU
		Release|Any CPU = Release|Any CPU
	EndGlobalSection
	GlobalSection(ProjectConfigurationPlatforms) = postSolution
		{865F0335-F315-44FE-9CBA-F133CE0DAB8D}.Debug|Any CPU.ActiveCfg = Debug|Any CPU
		{865F0335-F315-44FE-9CBA-F133CE0DAB8D}.Debug|Any CPU.Build.0 = Debug|Any CPU
		{865F0335-F315-44FE-9CBA-F133CE0DAB8D}.Release|Any CPU.ActiveCfg = Release|Any CPU
		{865F0335-F315-44FE-9CBA-F133CE0DAB8D}.Release|Any CPU.Build.0 = Release|Any CPU
	EndGlobalSection
	GlobalSection(SolutionProperties) = preSolution
		HideSolutionNode = FALSE
	EndGlobalSection
	GlobalSection(ExtensibilityGlobals) = postSolution
		SolutionGuid = {EE536DEB-5F09-4607-B865-7CD8DFC29A71}
	EndGlobalSection
EndGlobal
